
Microsoft Visual Studio Solution File, Format Version 12.00
# Visual Studio Version 17
VisualStudioVersion = 17.9.34607.119
MinimumVisualStudioVersion = 10.0.40219.1
Project("{9A19103F-16F7-4668-BE54-9A1E7A4F7556}") = "ApiManeroProduct", "ApiManeroProduct\ApiManeroProduct.csproj", "{0DA5DE4D-CA17-43F7-9878-53B8B4A3257A}"
EndProject
Project("{FAE04EC0-301F-11D3-BF4B-00C04F79EFBC}") = "TestProductApi", "TestProductApi\TestProductApi.csproj", "{875C2315-14DC-48D0-86F8-C91144FA5191}"
EndProject
Global
	GlobalSection(SolutionConfigurationPlatforms) = preSolution
		Debug|Any CPU = Debug|Any CPU
		Release|Any CPU = Release|Any CPU
	EndGlobalSection
	GlobalSection(ProjectConfigurationPlatforms) = postSolution
		{0DA5DE4D-CA17-43F7-9878-53B8B4A3257A}.Debug|Any CPU.ActiveCfg = Debug|Any CPU
		{0DA5DE4D-CA17-43F7-9878-53B8B4A3257A}.Debug|Any CPU.Build.0 = Debug|Any CPU
		{0DA5DE4D-CA17-43F7-9878-53B8B4A3257A}.Release|Any CPU.ActiveCfg = Release|Any CPU
		{0DA5DE4D-CA17-43F7-9878-53B8B4A3257A}.Release|Any CPU.Build.0 = Release|Any CPU
		{875C2315-14DC-48D0-86F8-C91144FA5191}.Debug|Any CPU.ActiveCfg = Debug|Any CPU
		{875C2315-14DC-48D0-86F8-C91144FA5191}.Debug|Any CPU.Build.0 = Debug|Any CPU
		{875C2315-14DC-48D0-86F8-C91144FA5191}.Release|Any CPU.ActiveCfg = Release|Any CPU
		{875C2315-14DC-48D0-86F8-C91144FA5191}.Release|Any CPU.Build.0 = Release|Any CPU
	EndGlobalSection
	GlobalSection(SolutionProperties) = preSolution
		HideSolutionNode = FALSE
	EndGlobalSection
	GlobalSection(ExtensibilityGlobals) = postSolution
		SolutionGuid = {B832ADD5-37EA-4D1B-B60C-047FF774ECAF}
	EndGlobalSection
EndGlobal
